dependencies:
  espressif/button:
    component_hash: 4d3ea5c1b7a4926c9d027e0bde0188207dadb0d1841d1cec2524f0cddd22f779
    source:
      service_url: https://api.components.espressif.com/
      type: service
    version: 2.5.0
  espressif/cbor:
    component_hash: 440f4ee4504841cc9b4f3a8ef755776a612ac9dace355514c68b999868f990ff
    source:
      service_url: https://api.components.espressif.com/
      type: service
    version: 0.6.0~1
  espressif/esp_diag_data_store:
    component_hash: 8849195251dbb8a2d7268335277cfa310cef36e4ac1e90cd59ad3be4269a30d7
    source:
      service_url: https://api.components.espressif.com/
      type: service
    version: 1.0.1
  espressif/esp_diagnostics:
    component_hash: 83c3fdf56caba06846017ece7002b0498476a3af15d0d5a3d86bd944443fd7b9
    source:
      service_url: https://api.components.espressif.com/
      type: service
    version: 1.0.1
  espressif/esp_encrypted_img:
    component_hash: 1c34d5b0e70a3878e63fe2bedb00824bcf83c30d9b020029c38400d0d14fe182
    source:
      service_url: https://api.components.espressif.com/
      type: service
    version: 2.1.0
  espressif/esp_insights:
    component_hash: 2472a19de98a8b991baeeac7209765b70ce14ec2b1435dbed3abd020dd0f7227
    source:
      service_url: https://api.components.espressif.com/
      type: service
    version: 1.0.1
  espressif/esp_secure_cert_mgr:
    component_hash: 4a9586b0804c6853a4b59e26b5f23e38126d4838156ca2c14087cc4a6d232b35
    source:
      service_url: https://api.components.espressif.com/
      type: service
    version: 2.4.0
  espressif/jsmn:
    component_hash: d80350c41bbaa827c98a25b6072df00884e72f54885996fab4a4f0aebce6b6c3
    source:
      service_url: https://api.components.espressif.com/
      type: service
    version: 1.1.0
  espressif/json_generator:
    component_hash: 41da0ab732877184092676c50b5f3f3bf37ad783de2f9c27e441944e01b7d51b
    source:
      service_url: https://api.components.espressif.com/
      type: service
    version: 1.1.1
  espressif/json_parser:
    component_hash: d74b81729ad06ec11ff5eb5b1b0d7df1d00e6027fc11471f4b139c70dcf1b1e4
    source:
      service_url: https://api.components.espressif.com/
      type: service
    version: 1.0.3
  espressif/led_strip:
    component_hash: e8179c56057c243e80a8286c39361eb4bef33e42eb5f7fc841ea877597ca13f7
    source:
      service_url: https://api.components.espressif.com/
      type: service
    version: 1.0.0
  espressif/mdns:
    component_hash: 810ec139689ae93bf42520d05de4855fbb68f7140ef67797d91d8d61829589cb
    source:
      service_url: https://api.components.espressif.com/
      type: service
    version: 1.2.2
  espressif/rmaker_common:
    component_hash: ed9257c3e6d9af5a945e9fcc4e7b9235a56816d53fd42de95b523fe53a4b9b98
    source:
      service_url: https://api.components.espressif.com/
      type: service
    version: 1.4.3
  idf:
    component_hash: null
    source:
      type: idf
    version: 5.1.1
manifest_hash: 51fe40d3aae0527078c0fa921485269fb23f412079150bf135e7f4e1cb423eaa
target: esp32s3
version: 1.0.0
