dependencies:
  espressif/ssd1306:
    component_hash: 102cfc05b1b304862fa3f494e9dd955844bcc5f6cb16596e4ca5df3e6bf9fd0d
    source:
      service_url: https://api.components.espressif.com/
      type: service
    version: 1.0.5~1
  idf:
    component_hash: null
    source:
      type: idf
    version: 5.1.1
manifest_hash: c437fb2640fe734fadaf35102e8e2c3b501628366be9053b05cf50c8447273d4
target: esp32s3
version: 1.0.0
