dependencies:
  espressif/ssd1306:
    component_hash: bb9d18fd14ba2b11ca7ce426fc059e3ae7c44e7635e3a62eeae9e44c2ca0db46
    source:
      service_url: https://api.components.espressif.com/
      type: service
    version: 1.0.5
  idf:
    component_hash: null
    source:
      type: idf
    version: 5.2.0
manifest_hash: c437fb2640fe734fadaf35102e8e2c3b501628366be9053b05cf50c8447273d4
target: esp32s3
version: 1.0.0
